{"1.1.0",
[{<<"bear">>,{pkg,<<"bear">>,<<"0.8.3">>},1},
 {<<"folsom">>,{pkg,<<"folsom">>,<<"0.8.3">>},0}]}.
[
{pkg_hash,[
 {<<"bear">>, <<"866002127A97932720A0D475D8582C98EC5FB78DB3A18DFE7EAF91594D9024B8">>},
 {<<"folsom">>, <<"71CFF146152FA95E6092E62119F9DC96888660111E7B61853C8FDCF80598A4E0">>}]}
].
